// !$*UTF8*$!
{
	archiveVersion = 1;
	classes = {
	};
	objectVersion = 56;
	objects = {

/* Begin PBXBuildFile section */
		182343EE2AF3FD4F00376693 /* PhotoListViewController.swift in Sources */ = {isa = PBXBuildFile; fileRef = 182343ED2AF3FD4F00376693 /* PhotoListViewController.swift */; };
		182343F02AF549A600376693 /* PhotoTableViewCell.swift in Sources */ = {isa = PBXBuildFile; fileRef = 182343EF2AF549A600376693 /* PhotoTableViewCell.swift */; };
		189E1C432B06799A00110164 /* PhotoDetailViewController.swift in Sources */ = {isa = PBXBuildFile; fileRef = 189E1C422B06799A00110164 /* PhotoDetailViewController.swift */; };
		18FE44C02AF2A81B002C13B2 /* AppDelegate.swift in Sources */ = {isa = PBXBuildFile; fileRef = 18FE44BF2AF2A81B002C13B2 /* AppDelegate.swift */; };
		18FE44C22AF2A81B002C13B2 /* SceneDelegate.swift in Sources */ = {isa = PBXBuildFile; fileRef = 18FE44C12AF2A81B002C13B2 /* SceneDelegate.swift */; };
		18FE44C42AF2A81B002C13B2 /* ViewController.swift in Sources */ = {isa = PBXBuildFile; fileRef = 18FE44C32AF2A81B002C13B2 /* ViewController.swift */; };
		18FE44C72AF2A81B002C13B2 /* Main.storyboard in Resources */ = {isa = PBXBuildFile; fileRef = 18FE44C52AF2A81B002C13B2 /* Main.storyboard */; };
		18FE44CA2AF2A81B002C13B2 /* PexelCloneApp.xcdatamodeld in Sources */ = {isa = PBXBuildFile; fileRef = 18FE44C82AF2A81B002C13B2 /* PexelCloneApp.xcdatamodeld */; };
		18FE44CC2AF2A81F002C13B2 /* Assets.xcassets in Resources */ = {isa = PBXBuildFile; fileRef = 18FE44CB2AF2A81F002C13B2 /* Assets.xcassets */; };
		18FE44CF2AF2A81F002C13B2 /* LaunchScreen.storyboard in Resources */ = {isa = PBXBuildFile; fileRef = 18FE44CD2AF2A81F002C13B2 /* LaunchScreen.storyboard */; };
		18FE44D72AF2A892002C13B2 /* NetworkHelper.swift in Sources */ = {isa = PBXBuildFile; fileRef = 18FE44D62AF2A892002C13B2 /* NetworkHelper.swift */; };
		18FE44D92AF2ADF0002C13B2 /* PhotoModel.swift in Sources */ = {isa = PBXBuildFile; fileRef = 18FE44D82AF2ADF0002C13B2 /* PhotoModel.swift */; };
/* End PBXBuildFile section */

/* Begin PBXFileReference section */
		182343ED2AF3FD4F00376693 /* PhotoListViewController.swift */ = {isa = PBXFileReference; lastKnownFileType = sourcecode.swift; path = PhotoListViewController.swift; sourceTree = "<group>"; };
		182343EF2AF549A600376693 /* PhotoTableViewCell.swift */ = {isa = PBXFileReference; lastKnownFileType = sourcecode.swift; path = PhotoTableViewCell.swift; sourceTree = "<group>"; };
		189E1C422B06799A00110164 /* PhotoDetailViewController.swift */ = {isa = PBXFileReference; lastKnownFileType = sourcecode.swift; path = PhotoDetailViewController.swift; sourceTree = "<group>"; };
		18FE44BC2AF2A81B002C13B2 /* PexelCloneApp.app */ = {isa = PBXFileReference; explicitFileType = wrapper.application; includeInIndex = 0; path = PexelCloneApp.app; sourceTree = BUILT_PRODUCTS_DIR; };
		18FE44BF2AF2A81B002C13B2 /* AppDelegate.swift */ = {isa = PBXFileReference; lastKnownFileType = sourcecode.swift; path = AppDelegate.swift; sourceTree = "<group>"; };
		18FE44C12AF2A81B002C13B2 /* SceneDelegate.swift */ = {isa = PBXFileReference; lastKnownFileType = sourcecode.swift; path = SceneDelegate.swift; sourceTree = "<group>"; };
		18FE44C32AF2A81B002C13B2 /* ViewController.swift */ = {isa = PBXFileReference; lastKnownFileType = sourcecode.swift; path = ViewController.swift; sourceTree = "<group>"; };
		18FE44C62AF2A81B002C13B2 /* Base */ = {isa = PBXFileReference; lastKnownFileType = file.storyboard; name = Base; path = Base.lproj/Main.storyboard; sourceTree = "<group>"; };
		18FE44C92AF2A81B002C13B2 /* PexelCloneApp.xcdatamodel */ = {isa = PBXFileReference; lastKnownFileType = wrapper.xcdatamodel; path = PexelCloneApp.xcdatamodel; sourceTree = "<group>"; };
		18FE44CB2AF2A81F002C13B2 /* Assets.xcassets */ = {isa = PBXFileReference; lastKnownFileType = folder.assetcatalog; path = Assets.xcassets; sourceTree = "<group>"; };
		18FE44CE2AF2A81F002C13B2 /* Base */ = {isa = PBXFileReference; lastKnownFileType = file.storyboard; name = Base; path = Base.lproj/LaunchScreen.storyboard; sourceTree = "<group>"; };
		18FE44D02AF2A81F002C13B2 /* Info.plist */ = {isa = PBXFileReference; lastKnownFileType = text.plist.xml; path = Info.plist; sourceTree = "<group>"; };
		18FE44D62AF2A892002C13B2 /* NetworkHelper.swift */ = {isa = PBXFileReference; lastKnownFileType = sourcecode.swift; path = NetworkHelper.swift; sourceTree = "<group>"; };
		18FE44D82AF2ADF0002C13B2 /* PhotoModel.swift */ = {isa = PBXFileReference; lastKnownFileType = sourcecode.swift; path = PhotoModel.swift; sourceTree = "<group>"; };
/* End PBXFileReference section */

/* Begin PBXFrameworksBuildPhase section */
		18FE44B92AF2A81B002C13B2 /* Frameworks */ = {
			isa = PBXFrameworksBuildPhase;
			buildActionMask = 2147483647;
			files = (
			);
			runOnlyForDeploymentPostprocessing = 0;
		};
/* End PBXFrameworksBuildPhase section */

/* Begin PBXGroup section */
		18FE44B32AF2A81B002C13B2 = {
			isa = PBXGroup;
			children = (
				18FE44BE2AF2A81B002C13B2 /* PexelCloneApp */,
				18FE44BD2AF2A81B002C13B2 /* Products */,
			);
			sourceTree = "<group>";
		};
		18FE44BD2AF2A81B002C13B2 /* Products */ = {
			isa = PBXGroup;
			children = (
				18FE44BC2AF2A81B002C13B2 /* PexelCloneApp.app */,
			);
			name = Products;
			sourceTree = "<group>";
		};
		18FE44BE2AF2A81B002C13B2 /* PexelCloneApp */ = {
			isa = PBXGroup;
			children = (
				189E1C422B06799A00110164 /* PhotoDetailViewController.swift */,
				18FE44BF2AF2A81B002C13B2 /* AppDelegate.swift */,
				18FE44C12AF2A81B002C13B2 /* SceneDelegate.swift */,
				18FE44C32AF2A81B002C13B2 /* ViewController.swift */,
				18FE44C52AF2A81B002C13B2 /* Main.storyboard */,
				18FE44CB2AF2A81F002C13B2 /* Assets.xcassets */,
				18FE44CD2AF2A81F002C13B2 /* LaunchScreen.storyboard */,
				18FE44D02AF2A81F002C13B2 /* Info.plist */,
				18FE44C82AF2A81B002C13B2 /* PexelCloneApp.xcdatamodeld */,
				18FE44D62AF2A892002C13B2 /* NetworkHelper.swift */,
				18FE44D82AF2ADF0002C13B2 /* PhotoModel.swift */,
				182343ED2AF3FD4F00376693 /* PhotoListViewController.swift */,
				182343EF2AF549A600376693 /* PhotoTableViewCell.swift */,
			);
			path = PexelCloneApp;
			sourceTree = "<group>";
		};
/* End PBXGroup section */

/* Begin PBXNativeTarget section */
		18FE44BB2AF2A81B002C13B2 /* PexelCloneApp */ = {
			isa = PBXNativeTarget;
			buildConfigurationList = 18FE44D32AF2A81F002C13B2 /* Build configuration list for PBXNativeTarget "PexelCloneApp" */;
			buildPhases = (
				18FE44B82AF2A81B002C13B2 /* Sources */,
				18FE44B92AF2A81B002C13B2 /* Frameworks */,
				18FE44BA2AF2A81B002C13B2 /* Resources */,
			);
			buildRules = (
			);
			dependencies = (
			);
			name = PexelCloneApp;
			productName = PexelCloneApp;
			productReference = 18FE44BC2AF2A81B002C13B2 /* PexelCloneApp.app */;
			productType = "com.apple.product-type.application";
		};
/* End PBXNativeTarget section */

/* Begin PBXProject section */
		18FE44B42AF2A81B002C13B2 /* Project object */ = {
			isa = PBXProject;
			attributes = {
				BuildIndependentTargetsInParallel = 1;
				LastSwiftUpdateCheck = 1420;
				LastUpgradeCheck = 1420;
				TargetAttributes = {
					18FE44BB2AF2A81B002C13B2 = {
						CreatedOnToolsVersion = 14.2;
					};
				};
			};
			buildConfigurationList = 18FE44B72AF2A81B002C13B2 /* Build configuration list for PBXProject "PexelCloneApp" */;
			compatibilityVersion = "Xcode 14.0";
			developmentRegion = en;
			hasScannedForEncodings = 0;
			knownRegions = (
				en,
				Base,
			);
			mainGroup = 18FE44B32AF2A81B002C13B2;
			productRefGroup = 18FE44BD2AF2A81B002C13B2 /* Products */;
			projectDirPath = "";
			projectRoot = "";
			targets = (
				18FE44BB2AF2A81B002C13B2 /* PexelCloneApp */,
			);
		};
/* End PBXProject section */

/* Begin PBXResourcesBuildPhase section */
		18FE44BA2AF2A81B002C13B2 /* Resources */ = {
			isa = PBXResourcesBuildPhase;
			buildActionMask = 2147483647;
			files = (
				18FE44CF2AF2A81F002C13B2 /* LaunchScreen.storyboard in Resources */,
				18FE44CC2AF2A81F002C13B2 /* Assets.xcassets in Resources */,
				18FE44C72AF2A81B002C13B2 /* Main.storyboard in Resources */,
			);
			runOnlyForDeploymentPostprocessing = 0;
		};
/* End PBXResourcesBuildPhase section */

/* Begin PBXSourcesBuildPhase section */
		18FE44B82AF2A81B002C13B2 /* Sources */ = {
			isa = PBXSourcesBuildPhase;
			buildActionMask = 2147483647;
			files = (
				182343F02AF549A600376693 /* PhotoTableViewCell.swift in Sources */,
				18FE44D92AF2ADF0002C13B2 /* PhotoModel.swift in Sources */,
				18FE44C42AF2A81B002C13B2 /* ViewController.swift in Sources */,
				18FE44C02AF2A81B002C13B2 /* AppDelegate.swift in Sources */,
				18FE44D72AF2A892002C13B2 /* NetworkHelper.swift in Sources */,
				182343EE2AF3FD4F00376693 /* PhotoListViewController.swift in Sources */,
				189E1C432B06799A00110164 /* PhotoDetailViewController.swift in Sources */,
				18FE44CA2AF2A81B002C13B2 /* PexelCloneApp.xcdatamodeld in Sources */,
				18FE44C22AF2A81B002C13B2 /* SceneDelegate.swift in Sources */,
			);
			runOnlyForDeploymentPostprocessing = 0;
		};
/* End PBXSourcesBuildPhase section */

/* Begin PBXVariantGroup section */
		18FE44C52AF2A81B002C13B2 /* Main.storyboard */ = {
			isa = PBXVariantGroup;
			children = (
				18FE44C62AF2A81B002C13B2 /* Base */,
			);
			name = Main.storyboard;
			sourceTree = "<group>";
		};
		18FE44CD2AF2A81F002C13B2 /* LaunchScreen.storyboard */ = {
			isa = PBXVariantGroup;
			children = (
				18FE44CE2AF2A81F002C13B2 /* Base */,
			);
			name = LaunchScreen.storyboard;
			sourceTree = "<group>";
		};
/* End PBXVariantGroup section */

/* Begin XCBuildConfiguration section */
		18FE44D12AF2A81F002C13B2 /* Debug */ = {
			isa = XCBuildConfiguration;
			buildSettings = {
				ALWAYS_SEARCH_USER_PATHS = NO;
				CLANG_ANALYZER_NONNULL = YES;
				CLANG_ANALYZER_NUMBER_OBJECT_CONVERSION = YES_AGGRESSIVE;
				CLANG_CXX_LANGUAGE_STANDARD = "gnu++20";
				CLANG_ENABLE_MODULES = YES;
				CLANG_ENABLE_OBJC_ARC = YES;
				CLANG_ENABLE_OBJC_WEAK = YES;
				CLANG_WARN_BLOCK_CAPTURE_AUTORELEASING = YES;
				CLANG_WARN_BOOL_CONVERSION = YES;
				CLANG_WARN_COMMA = YES;
				CLANG_WARN_CONSTANT_CONVERSION = YES;
				CLANG_WARN_DEPRECATED_OBJC_IMPLEMENTATIONS = YES;
				CLANG_WARN_DIRECT_OBJC_ISA_USAGE = YES_ERROR;
				CLANG_WARN_DOCUMENTATION_COMMENTS = YES;
				CLANG_WARN_EMPTY_BODY = YES;
				CLANG_WARN_ENUM_CONVERSION = YES;
				CLANG_WARN_INFINITE_RECURSION = YES;
				CLANG_WARN_INT_CONVERSION = YES;
				CLANG_WARN_NON_LITERAL_NULL_CONVERSION = YES;
				CLANG_WARN_OBJC_IMPLICIT_RETAIN_SELF = YES;
				CLANG_WARN_OBJC_LITERAL_CONVERSION = YES;
				CLANG_WARN_OBJC_ROOT_CLASS = YES_ERROR;
				CLANG_WARN_QUOTED_INCLUDE_IN_FRAMEWORK_HEADER = YES;
				CLANG_WARN_RANGE_LOOP_ANALYSIS = YES;
				CLANG_WARN_STRICT_PROTOTYPES = YES;
				CLANG_WARN_SUSPICIOUS_MOVE = YES;
				CLANG_WARN_UNGUARDED_AVAILABILITY = YES_AGGRESSIVE;
				CLANG_WARN_UNREACHABLE_CODE = YES;
				CLANG_WARN__DUPLICATE_METHOD_MATCH = YES;
				COPY_PHASE_STRIP = NO;
				DEBUG_INFORMATION_FORMAT = dwarf;
				ENABLE_STRICT_OBJC_MSGSEND = YES;
				ENABLE_TESTABILITY = YES;
				GCC_C_LANGUAGE_STANDARD = gnu11;
				GCC_DYNAMIC_NO_PIC = NO;
				GCC_NO_COMMON_BLOCKS = YES;
				GCC_OPTIMIZATION_LEVEL = 0;
				GCC_PREPROCESSOR_DEFINITIONS = (
					"DEBUG=1",
					"$(inherited)",
				);
				GCC_WARN_64_TO_32_BIT_CONVERSION = YES;
				GCC_WARN_ABOUT_RETURN_TYPE = YES_ERROR;
				GCC_WARN_UNDECLARED_SELECTOR = YES;
				GCC_WARN_UNINITIALIZED_AUTOS = YES_AGGRESSIVE;
				GCC_WARN_UNUSED_FUNCTION = YES;
				GCC_WARN_UNUSED_VARIABLE = YES;
				IPHONEOS_DEPLOYMENT_TARGET = 16.2;
				MTL_ENABLE_DEBUG_INFO = INCLUDE_SOURCE;
				MTL_FAST_MATH = YES;
				ONLY_ACTIVE_ARCH = YES;
				SDKROOT = iphoneos;
				SWIFT_ACTIVE_COMPILATION_CONDITIONS = DEBUG;
				SWIFT_OPTIMIZATION_LEVEL = "-Onone";
			};
			name = Debug;
		};
		18FE44D22AF2A81F002C13B2 /* Release */ = {
			isa = XCBuildConfiguration;
			buildSettings = {
				ALWAYS_SEARCH_USER_PATHS = NO;
				CLANG_ANALYZER_NONNULL = YES;
				CLANG_ANALYZER_NUMBER_OBJECT_CONVERSION = YES_AGGRESSIVE;
				CLANG_CXX_LANGUAGE_STANDARD = "gnu++20";
				CLANG_ENABLE_MODULES = YES;
				CLANG_ENABLE_OBJC_ARC = YES;
				CLANG_ENABLE_OBJC_WEAK = YES;
				CLANG_WARN_BLOCK_CAPTURE_AUTORELEASING = YES;
				CLANG_WARN_BOOL_CONVERSION = YES;
				CLANG_WARN_COMMA = YES;
				CLANG_WARN_CONSTANT_CONVERSION = YES;
				CLANG_WARN_DEPRECATED_OBJC_IMPLEMENTATIONS = YES;
				CLANG_WARN_DIRECT_OBJC_ISA_USAGE = YES_ERROR;
				CLANG_WARN_DOCUMENTATION_COMMENTS = YES;
				CLANG_WARN_EMPTY_BODY = YES;
				CLANG_WARN_ENUM_CONVERSION = YES;
				CLANG_WARN_INFINITE_RECURSION = YES;
				CLANG_WARN_INT_CONVERSION = YES;
				CLANG_WARN_NON_LITERAL_NULL_CONVERSION = YES;
				CLANG_WARN_OBJC_IMPLICIT_RETAIN_SELF = YES;
				CLANG_WARN_OBJC_LITERAL_CONVERSION = YES;
				CLANG_WARN_OBJC_ROOT_CLASS = YES_ERROR;
				CLANG_WARN_QUOTED_INCLUDE_IN_FRAMEWORK_HEADER = YES;
				CLANG_WARN_RANGE_LOOP_ANALYSIS = YES;
				CLANG_WARN_STRICT_PROTOTYPES = YES;
				CLANG_WARN_SUSPICIOUS_MOVE = YES;
				CLANG_WARN_UNGUARDED_AVAILABILITY = YES_AGGRESSIVE;
				CLANG_WARN_UNREACHABLE_CODE = YES;
				CLANG_WARN__DUPLICATE_METHOD_MATCH = YES;
				COPY_PHASE_STRIP = NO;
				DEBUG_INFORMATION_FORMAT = "dwarf-with-dsym";
				ENABLE_NS_ASSERTIONS = NO;
				ENABLE_STRICT_OBJC_MSGSEND = YES;
				GCC_C_LANGUAGE_STANDARD = gnu11;
				GCC_NO_COMMON_BLOCKS = YES;
				GCC_WARN_64_TO_32_BIT_CONVERSION = YES;
				GCC_WARN_ABOUT_RETURN_TYPE = YES_ERROR;
				GCC_WARN_UNDECLARED_SELECTOR = YES;
				GCC_WARN_UNINITIALIZED_AUTOS = YES_AGGRESSIVE;
				GCC_WARN_UNUSED_FUNCTION = YES;
				GCC_WARN_UNUSED_VARIABLE = YES;
				IPHONEOS_DEPLOYMENT_TARGET = 16.2;
				MTL_ENABLE_DEBUG_INFO = NO;
				MTL_FAST_MATH = YES;
				SDKROOT = iphoneos;
				SWIFT_COMPILATION_MODE = wholemodule;
				SWIFT_OPTIMIZATION_LEVEL = "-O";
				VALIDATE_PRODUCT = YES;
			};
			name = Release;
		};
		18FE44D42AF2A81F002C13B2 /* Debug */ = {
			isa = XCBuildConfiguration;
			buildSettings = {
				ASSETCATALOG_COMPILER_APPICON_NAME = AppIcon;
				ASSETCATALOG_COMPILER_GLOBAL_ACCENT_COLOR_NAME = AccentColor;
				CODE_SIGN_STYLE = Automatic;
				CURRENT_PROJECT_VERSION = 1;
				GENERATE_INFOPLIST_FILE = YES;
				INFOPLIST_FILE = PexelCloneApp/Info.plist;
				INFOPLIST_KEY_UIApplicationSupportsIndirectInputEvents = YES;
				INFOPLIST_KEY_UILaunchStoryboardName = LaunchScreen;
				INFOPLIST_KEY_UIMainStoryboardFile = Main;
				INFOPLIST_KEY_UISupportedInterfaceOrientations_iPad = "UIInterfaceOrientationPortrait UIInterfaceOrientationPortraitUpsideDown UIInterfaceOrientationLandscapeLeft UIInterfaceOrientationLandscapeRight";
				INFOPLIST_KEY_UISupportedInterfaceOrientations_iPhone = "UIInterfaceOrientationPortrait UIInterfaceOrientationLandscapeLeft UIInterfaceOrientationLandscapeRight";
				LD_RUNPATH_SEARCH_PATHS = (
					"$(inherited)",
					"@executable_path/Frameworks",
				);
				MARKETING_VERSION = 1.0;
				PRODUCT_BUNDLE_IDENTIFIER = com.sukanya.PexelCloneApp;
				PRODUCT_NAME = "$(TARGET_NAME)";
				SWIFT_EMIT_LOC_STRINGS = YES;
				SWIFT_VERSION = 5.0;
				TARGETED_DEVICE_FAMILY = "1,2";
			};
			name = Debug;
		};
		18FE44D52AF2A81F002C13B2 /* Release */ = {
			isa = XCBuildConfiguration;
			buildSettings = {
				ASSETCATALOG_COMPILER_APPICON_NAME = AppIcon;
				ASSETCATALOG_COMPILER_GLOBAL_ACCENT_COLOR_NAME = AccentColor;
				CODE_SIGN_STYLE = Automatic;
				CURRENT_PROJECT_VERSION = 1;
				GENERATE_INFOPLIST_FILE = YES;
				INFOPLIST_FILE = PexelCloneApp/Info.plist;
				INFOPLIST_KEY_UIApplicationSupportsIndirectInputEvents = YES;
				INFOPLIST_KEY_UILaunchStoryboardName = LaunchScreen;
				INFOPLIST_KEY_UIMainStoryboardFile = Main;
				INFOPLIST_KEY_UISupportedInterfaceOrientations_iPad = "UIInterfaceOrientationPortrait UIInterfaceOrientationPortraitUpsideDown UIInterfaceOrientationLandscapeLeft UIInterfaceOrientationLandscapeRight";
				INFOPLIST_KEY_UISupportedInterfaceOrientations_iPhone = "UIInterfaceOrientationPortrait UIInterfaceOrientationLandscapeLeft UIInterfaceOrientationLandscapeRight";
				LD_RUNPATH_SEARCH_PATHS = (
					"$(inherited)",
					"@executable_path/Frameworks",
				);
				MARKETING_VERSION = 1.0;
				PRODUCT_BUNDLE_IDENTIFIER = com.sukanya.PexelCloneApp;
				PRODUCT_NAME = "$(TARGET_NAME)";
				SWIFT_EMIT_LOC_STRINGS = YES;
				SWIFT_VERSION = 5.0;
				TARGETED_DEVICE_FAMILY = "1,2";
			};
			name = Release;
		};
/* End XCBuildConfiguration section */

/* Begin XCConfigurationList section */
		18FE44B72AF2A81B002C13B2 /* Build configuration list for PBXProject "PexelCloneApp" */ = {
			isa = XCConfigurationList;
			buildConfigurations = (
				18FE44D12AF2A81F002C13B2 /* Debug */,
				18FE44D22AF2A81F002C13B2 /* Release */,
			);
			defaultConfigurationIsVisible = 0;
			defaultConfigurationName = Release;
		};
		18FE44D32AF2A81F002C13B2 /* Build configuration list for PBXNativeTarget "PexelCloneApp" */ = {
			isa = XCConfigurationList;
			buildConfigurations = (
				18FE44D42AF2A81F002C13B2 /* Debug */,
				18FE44D52AF2A81F002C13B2 /* Release */,
			);
			defaultConfigurationIsVisible = 0;
			defaultConfigurationName = Release;
		};
/* End XCConfigurationList section */

/* Begin XCVersionGroup section */
		18FE44C82AF2A81B002C13B2 /* PexelCloneApp.xcdatamodeld */ = {
			isa = XCVersionGroup;
			children = (
				18FE44C92AF2A81B002C13B2 /* PexelCloneApp.xcdatamodel */,
			);
			currentVersion = 18FE44C92AF2A81B002C13B2 /* PexelCloneApp.xcdatamodel */;
			path = PexelCloneApp.xcdatamodeld;
			sourceTree = "<group>";
			versionGroupType = wrapper.xcdatamodel;
		};
/* End XCVersionGroup section */
	};
	rootObject = 18FE44B42AF2A81B002C13B2 /* Project object */;
}
